// !$*UTF8*$!
{
	archiveVersion = 1;
	classes = {
	};
	objectVersion = 50;
	objects = {

/* Begin PBXBuildFile section */
		0EC059132458206700152800 /* AppDelegate.m in Sources */ = {isa = PBXBuildFile; fileRef = 0EC059122458206700152800 /* AppDelegate.m */; };
		0EC059192458206700152800 /* ViewController.m in Sources */ = {isa = PBXBuildFile; fileRef = 0EC059182458206700152800 /* ViewController.m */; };
		0EC0591C2458206700152800 /* Main.storyboard in Resources */ = {isa = PBXBuildFile; fileRef = 0EC0591A2458206700152800 /* Main.storyboard */; };
		0EC0591E2458206900152800 /* Assets.xcassets in Resources */ = {isa = PBXBuildFile; fileRef = 0EC0591D2458206900152800 /* Assets.xcassets */; };
		0EC059212458206900152800 /* LaunchScreen.storyboard in Resources */ = {isa = PBXBuildFile; fileRef = 0EC0591F2458206900152800 /* LaunchScreen.storyboard */; };
		0EC059242458206900152800 /* main.m in Sources */ = {isa = PBXBuildFile; fileRef = 0EC059232458206900152800 /* main.m */; };
		0EC0592E2458206A00152800 /* testTests.m in Sources */ = {isa = PBXBuildFile; fileRef = 0EC0592D2458206A00152800 /* testTests.m */; };
		0EC059392458206A00152800 /* testUITests.m in Sources */ = {isa = PBXBuildFile; fileRef = 0EC059382458206A00152800 /* testUITests.m */; };
		92EDFE5910985FECB00B1693 /* libPods-test.a in Frameworks */ = {isa = PBXBuildFile; fileRef = A644DD1C8C515177571F7188 /* libPods-test.a */; };
/* End PBXBuildFile section */

/* Begin PBXContainerItemProxy section */
		0EC0592A2458206A00152800 /* PBXContainerItemProxy */ = {
			isa = PBXContainerItemProxy;
			containerPortal = 0EC059062458206700152800 /* Project object */;
			proxyType = 1;
			remoteGlobalIDString = 0EC0590D2458206700152800;
			remoteInfo = test;
		};
		0EC059352458206A00152800 /* PBXContainerItemProxy */ = {
			isa = PBXContainerItemProxy;
			containerPortal = 0EC059062458206700152800 /* Project object */;
			proxyType = 1;
			remoteGlobalIDString = 0EC0590D2458206700152800;
			remoteInfo = test;
		};
/* End PBXContainerItemProxy section */

/* Begin PBXFileReference section */
		0EC0590E2458206700152800 /* test.app */ = {isa = PBXFileReference; explicitFileType = wrapper.application; includeInIndex = 0; path = test.app; sourceTree = BUILT_PRODUCTS_DIR; };
		0EC059112458206700152800 /* AppDelegate.h */ = {isa = PBXFileReference; lastKnownFileType = sourcecode.c.h; path = AppDelegate.h; sourceTree = "<group>"; };
		0EC059122458206700152800 /* AppDelegate.m */ = {isa = PBXFileReference; lastKnownFileType = sourcecode.c.objc; path = AppDelegate.m; sourceTree = "<group>"; };
		0EC059172458206700152800 /* ViewController.h */ = {isa = PBXFileReference; lastKnownFileType = sourcecode.c.h; path = ViewController.h; sourceTree = "<group>"; };
		0EC059182458206700152800 /* ViewController.m */ = {isa = PBXFileReference; lastKnownFileType = sourcecode.c.objc; path = ViewController.m; sourceTree = "<group>"; };
		0EC0591B2458206700152800 /* Base */ = {isa = PBXFileReference; lastKnownFileType = file.storyboard; name = Base; path = Base.lproj/Main.storyboard; sourceTree = "<group>"; };
		0EC0591D2458206900152800 /* Assets.xcassets */ = {isa = PBXFileReference; lastKnownFileType = folder.assetcatalog; path = Assets.xcassets; sourceTree = "<group>"; };
		0EC059202458206900152800 /* Base */ = {isa = PBXFileReference; lastKnownFileType = file.storyboard; name = Base; path = Base.lproj/LaunchScreen.storyboard; sourceTree = "<group>"; };
		0EC059222458206900152800 /* Info.plist */ = {isa = PBXFileReference; lastKnownFileType = text.plist.xml; path = Info.plist; sourceTree = "<group>"; };
		0EC059232458206900152800 /* main.m */ = {isa = PBXFileReference; lastKnownFileType = sourcecode.c.objc; path = main.m; sourceTree = "<group>"; };
		0EC059292458206A00152800 /* testTests.xctest */ = {isa = PBXFileReference; explicitFileType = wrapper.cfbundle; includeInIndex = 0; path = testTests.xctest; sourceTree = BUILT_PRODUCTS_DIR; };
		0EC0592D2458206A00152800 /* testTests.m */ = {isa = PBXFileReference; lastKnownFileType = sourcecode.c.objc; path = testTests.m; sourceTree = "<group>"; };
		0EC0592F2458206A00152800 /* Info.plist */ = {isa = PBXFileReference; lastKnownFileType = text.plist.xml; path = Info.plist; sourceTree = "<group>"; };
		0EC059342458206A00152800 /* testUITests.xctest */ = {isa = PBXFileReference; explicitFileType = wrapper.cfbundle; includeInIndex = 0; path = testUITests.xctest; sourceTree = BUILT_PRODUCTS_DIR; };
		0EC059382458206A00152800 /* testUITests.m */ = {isa = PBXFileReference; lastKnownFileType = sourcecode.c.objc; path = testUITests.m; sourceTree = "<group>"; };
		0EC0593A2458206A00152800 /* Info.plist */ = {isa = PBXFileReference; lastKnownFileType = text.plist.xml; path = Info.plist; sourceTree = "<group>"; };
		A644DD1C8C515177571F7188 /* libPods-test.a */ = {isa = PBXFileReference; explicitFileType = archive.ar; includeInIndex = 0; path = "libPods-test.a"; sourceTree = BUILT_PRODUCTS_DIR; };
		C8419B9A263D94911F46A11C /* Pods-test.debug.xcconfig */ = {isa = PBXFileReference; includeInIndex = 1; lastKnownFileType = text.xcconfig; name = "Pods-test.debug.xcconfig"; path = "Target Support Files/Pods-test/Pods-test.debug.xcconfig"; sourceTree = "<group>"; };
		CF24853D700AADE3113B6554 /* Pods-test.release.xcconfig */ = {isa = PBXFileReference; includeInIndex = 1; lastKnownFileType = text.xcconfig; name = "Pods-test.release.xcconfig"; path = "Target Support Files/Pods-test/Pods-test.release.xcconfig"; sourceTree = "<group>"; };
/* End PBXFileReference section */

/* Begin PBXFrameworksBuildPhase section */
		0EC0590B2458206700152800 /* Frameworks */ = {
			isa = PBXFrameworksBuildPhase;
			buildActionMask = 2147483647;
			files = (
				92EDFE5910985FECB00B1693 /* libPods-test.a in Frameworks */,
			);
			runOnlyForDeploymentPostprocessing = 0;
		};
		0EC059262458206A00152800 /* Frameworks */ = {
			isa = PBXFrameworksBuildPhase;
			buildActionMask = 2147483647;
			files = (
			);
			runOnlyForDeploymentPostprocessing = 0;
		};
		0EC059312458206A00152800 /* Frameworks */ = {
			isa = PBXFrameworksBuildPhase;
			buildActionMask = 2147483647;
			files = (
			);
			runOnlyForDeploymentPostprocessing = 0;
		};
/* End PBXFrameworksBuildPhase section */

/* Begin PBXGroup section */
		0EC059052458206700152800 = {
			isa = PBXGroup;
			children = (
				0EC059102458206700152800 /* test */,
				0EC0592C2458206A00152800 /* testTests */,
				0EC059372458206A00152800 /* testUITests */,
				0EC0590F2458206700152800 /* Products */,
				BAA77D18224617A17E2F5A0B /* Pods */,
				AF255663811050BEA89A9492 /* Frameworks */,
			);
			sourceTree = "<group>";
		};
		0EC0590F2458206700152800 /* Products */ = {
			isa = PBXGroup;
			children = (
				0EC0590E2458206700152800 /* test.app */,
				0EC059292458206A00152800 /* testTests.xctest */,
				0EC059342458206A00152800 /* testUITests.xctest */,
			);
			name = Products;
			sourceTree = "<group>";
		};
		0EC059102458206700152800 /* test */ = {
			isa = PBXGroup;
			children = (
				0EC059112458206700152800 /* AppDelegate.h */,
				0EC059122458206700152800 /* AppDelegate.m */,
				0EC059172458206700152800 /* ViewController.h */,
				0EC059182458206700152800 /* ViewController.m */,
				0EC0591A2458206700152800 /* Main.storyboard */,
				0EC0591D2458206900152800 /* Assets.xcassets */,
				0EC0591F2458206900152800 /* LaunchScreen.storyboard */,
				0EC059222458206900152800 /* Info.plist */,
				0EC059232458206900152800 /* main.m */,
			);
			path = test;
			sourceTree = "<group>";
		};
		0EC0592C2458206A00152800 /* testTests */ = {
			isa = PBXGroup;
			children = (
				0EC0592D2458206A00152800 /* testTests.m */,
				0EC0592F2458206A00152800 /* Info.plist */,
			);
			path = testTests;
			sourceTree = "<group>";
		};
		0EC059372458206A00152800 /* testUITests */ = {
			isa = PBXGroup;
			children = (
				0EC059382458206A00152800 /* testUITests.m */,
				0EC0593A2458206A00152800 /* Info.plist */,
			);
			path = testUITests;
			sourceTree = "<group>";
		};
		AF255663811050BEA89A9492 /* Frameworks */ = {
			isa = PBXGroup;
			children = (
				A644DD1C8C515177571F7188 /* libPods-test.a */,
			);
			name = Frameworks;
			sourceTree = "<group>";
		};
		BAA77D18224617A17E2F5A0B /* Pods */ = {
			isa = PBXGroup;
			children = (
				C8419B9A263D94911F46A11C /* Pods-test.debug.xcconfig */,
				CF24853D700AADE3113B6554 /* Pods-test.release.xcconfig */,
			);
			path = Pods;
			sourceTree = "<group>";
		};
/* End PBXGroup section */

/* Begin PBXNativeTarget section */
		0EC0590D2458206700152800 /* test */ = {
			isa = PBXNativeTarget;
			buildConfigurationList = 0EC0593D2458206A00152800 /* Build configuration list for PBXNativeTarget "test" */;
			buildPhases = (
				046E0E1B89F34F7B0C994C80 /* [CP] Check Pods Manifest.lock */,
				0EC0590A2458206700152800 /* Sources */,
				0EC0590B2458206700152800 /* Frameworks */,
				0EC0590C2458206700152800 /* Resources */,
			);
			buildRules = (
			);
			dependencies = (
			);
			name = test;
			productName = test;
			productReference = 0EC0590E2458206700152800 /* test.app */;
			productType = "com.apple.product-type.application";
		};
		0EC059282458206A00152800 /* testTests */ = {
			isa = PBXNativeTarget;
			buildConfigurationList = 0EC059402458206A00152800 /* Build configuration list for PBXNativeTarget "testTests" */;
			buildPhases = (
				0EC059252458206A00152800 /* Sources */,
				0EC059262458206A00152800 /* Frameworks */,
				0EC059272458206A00152800 /* Resources */,
			);
			buildRules = (
			);
			dependencies = (
				0EC0592B2458206A00152800 /* PBXTargetDependency */,
			);
			name = testTests;
			productName = testTests;
			productReference = 0EC059292458206A00152800 /* testTests.xctest */;
			productType = "com.apple.product-type.bundle.unit-test";
		};
		0EC059332458206A00152800 /* testUITests */ = {
			isa = PBXNativeTarget;
			buildConfigurationList = 0EC059432458206A00152800 /* Build configuration list for PBXNativeTarget "testUITests" */;
			buildPhases = (
				0EC059302458206A00152800 /* Sources */,
				0EC059312458206A00152800 /* Frameworks */,
				0EC059322458206A00152800 /* Resources */,
			);
			buildRules = (
			);
			dependencies = (
				0EC059362458206A00152800 /* PBXTargetDependency */,
			);
			name = testUITests;
			productName = testUITests;
			productReference = 0EC059342458206A00152800 /* testUITests.xctest */;
			productType = "com.apple.product-type.bundle.ui-testing";
		};
/* End PBXNativeTarget section */

/* Begin PBXProject section */
		0EC059062458206700152800 /* Project object */ = {
			isa = PBXProject;
			attributes = {
				LastUpgradeCheck = 1140;
				ORGANIZATIONNAME = hqx_1992_;
				TargetAttributes = {
					0EC0590D2458206700152800 = {
						CreatedOnToolsVersion = 11.4.1;
					};
					0EC059282458206A00152800 = {
						CreatedOnToolsVersion = 11.4.1;
						TestTargetID = 0EC0590D2458206700152800;
					};
					0EC059332458206A00152800 = {
						CreatedOnToolsVersion = 11.4.1;
						TestTargetID = 0EC0590D2458206700152800;
					};
				};
			};
			buildConfigurationList = 0EC059092458206700152800 /* Build configuration list for PBXProject "test" */;
			compatibilityVersion = "Xcode 9.3";
			developmentRegion = en;
			hasScannedForEncodings = 0;
			knownRegions = (
				en,
				Base,
			);
			mainGroup = 0EC059052458206700152800;
			productRefGroup = 0EC0590F2458206700152800 /* Products */;
			projectDirPath = "";
			projectRoot = "";
			targets = (
				0EC0590D2458206700152800 /* test */,
				0EC059282458206A00152800 /* testTests */,
				0EC059332458206A00152800 /* testUITests */,
			);
		};
/* End PBXProject section */

/* Begin PBXResourcesBuildPhase section */
		0EC0590C2458206700152800 /* Resources */ = {
			isa = PBXResourcesBuildPhase;
			buildActionMask = 2147483647;
			files = (
				0EC059212458206900152800 /* LaunchScreen.storyboard in Resources */,
				0EC0591E2458206900152800 /* Assets.xcassets in Resources */,
				0EC0591C2458206700152800 /* Main.storyboard in Resources */,
			);
			runOnlyForDeploymentPostprocessing = 0;
		};
		0EC059272458206A00152800 /* Resources */ = {
			isa = PBXResourcesBuildPhase;
			buildActionMask = 2147483647;
			files = (
			);
			runOnlyForDeploymentPostprocessing = 0;
		};
		0EC059322458206A00152800 /* Resources */ = {
			isa = PBXResourcesBuildPhase;
			buildActionMask = 2147483647;
			files = (
			);
			runOnlyForDeploymentPostprocessing = 0;
		};
/* End PBXResourcesBuildPhase section */

/* Begin PBXShellScriptBuildPhase section */
		046E0E1B89F34F7B0C994C80 /* [CP] Check Pods Manifest.lock */ = {
			isa = PBXShellScriptBuildPhase;
			buildActionMask = 2147483647;
			files = (
			);
			inputFileListPaths = (
			);
			inputPaths = (
				"${PODS_PODFILE_DIR_PATH}/Podfile.lock",
				"${PODS_ROOT}/Manifest.lock",
			);
			name = "[CP] Check Pods Manifest.lock";
			outputFileListPaths = (
			);
			outputPaths = (
				"$(DERIVED_FILE_DIR)/Pods-test-checkManifestLockResult.txt",
			);
			runOnlyForDeploymentPostprocessing = 0;
			shellPath = /bin/sh;
			shellScript = "diff \"${PODS_PODFILE_DIR_PATH}/Podfile.lock\" \"${PODS_ROOT}/Manifest.lock\" > /dev/null\nif [ $? != 0 ] ; then\n    # print error to STDERR\n    echo \"error: The sandbox is not in sync with the Podfile.lock. Run 'pod install' or update your CocoaPods installation.\" >&2\n    exit 1\nfi\n# This output is used by Xcode 'outputs' to avoid re-running this script phase.\necho \"SUCCESS\" > \"${SCRIPT_OUTPUT_FILE_0}\"\n";
			showEnvVarsInLog = 0;
		};
/* End PBXShellScriptBuildPhase section */

/* Begin PBXSourcesBuildPhase section */
		0EC0590A2458206700152800 /* Sources */ = {
			isa = PBXSourcesBuildPhase;
			buildActionMask = 2147483647;
			files = (
				0EC059192458206700152800 /* ViewController.m in Sources */,
				0EC059132458206700152800 /* AppDelegate.m in Sources */,
				0EC059242458206900152800 /* main.m in Sources */,
			);
			runOnlyForDeploymentPostprocessing = 0;
		};
		0EC059252458206A00152800 /* Sources */ = {
			isa = PBXSourcesBuildPhase;
			buildActionMask = 2147483647;
			files = (
				0EC0592E2458206A00152800 /* testTests.m in Sources */,
			);
			runOnlyForDeploymentPostprocessing = 0;
		};
		0EC059302458206A00152800 /* Sources */ = {
			isa = PBXSourcesBuildPhase;
			buildActionMask = 2147483647;
			files = (
				0EC059392458206A00152800 /* testUITests.m in Sources */,
			);
			runOnlyForDeploymentPostprocessing = 0;
		};
/* End PBXSourcesBuildPhase section */

/* Begin PBXTargetDependency section */
		0EC0592B2458206A00152800 /* PBXTargetDependency */ = {
			isa = PBXTargetDependency;
			target = 0EC0590D2458206700152800 /* test */;
			targetProxy = 0EC0592A2458206A00152800 /* PBXContainerItemProxy */;
		};
		0EC059362458206A00152800 /* PBXTargetDependency */ = {
			isa = PBXTargetDependency;
			target = 0EC0590D2458206700152800 /* test */;
			targetProxy = 0EC059352458206A00152800 /* PBXContainerItemProxy */;
		};
/* End PBXTargetDependency section */

/* Begin PBXVariantGroup section */
		0EC0591A2458206700152800 /* Main.storyboard */ = {
			isa = PBXVariantGroup;
			children = (
				0EC0591B2458206700152800 /* Base */,
			);
			name = Main.storyboard;
			sourceTree = "<group>";
		};
		0EC0591F2458206900152800 /* LaunchScreen.storyboard */ = {
			isa = PBXVariantGroup;
			children = (
				0EC059202458206900152800 /* Base */,
			);
			name = LaunchScreen.storyboard;
			sourceTree = "<group>";
		};
/* End PBXVariantGroup section */

/* Begin XCBuildConfiguration section */
		0EC0593B2458206A00152800 /* Debug */ = {
			isa = XCBuildConfiguration;
			buildSettings = {
				ALWAYS_SEARCH_USER_PATHS = NO;
				CLANG_ANALYZER_NONNULL = YES;
				CLANG_ANALYZER_NUMBER_OBJECT_CONVERSION = YES_AGGRESSIVE;
				CLANG_CXX_LANGUAGE_STANDARD = "gnu++14";
				CLANG_CXX_LIBRARY = "libc++";
				CLANG_ENABLE_MODULES = YES;
				CLANG_ENABLE_OBJC_ARC = YES;
				CLANG_ENABLE_OBJC_WEAK = YES;
				CLANG_WARN_BLOCK_CAPTURE_AUTORELEASING = YES;
				CLANG_WARN_BOOL_CONVERSION = YES;
				CLANG_WARN_COMMA = YES;
				CLANG_WARN_CONSTANT_CONVERSION = YES;
				CLANG_WARN_DEPRECATED_OBJC_IMPLEMENTATIONS = YES;
				CLANG_WARN_DIRECT_OBJC_ISA_USAGE = YES_ERROR;
				CLANG_WARN_DOCUMENTATION_COMMENTS = YES;
				CLANG_WARN_EMPTY_BODY = YES;
				CLANG_WARN_ENUM_CONVERSION = YES;
				CLANG_WARN_INFINITE_RECURSION = YES;
				CLANG_WARN_INT_CONVERSION = YES;
				CLANG_WARN_NON_LITERAL_NULL_CONVERSION = YES;
				CLANG_WARN_OBJC_IMPLICIT_RETAIN_SELF = YES;
				CLANG_WARN_OBJC_LITERAL_CONVERSION = YES;
				CLANG_WARN_OBJC_ROOT_CLASS = YES_ERROR;
				CLANG_WARN_RANGE_LOOP_ANALYSIS = YES;
				CLANG_WARN_STRICT_PROTOTYPES = YES;
				CLANG_WARN_SUSPICIOUS_MOVE = YES;
				CLANG_WARN_UNGUARDED_AVAILABILITY = YES_AGGRESSIVE;
				CLANG_WARN_UNREACHABLE_CODE = YES;
				CLANG_WARN__DUPLICATE_METHOD_MATCH = YES;
				COPY_PHASE_STRIP = NO;
				DEBUG_INFORMATION_FORMAT = dwarf;
				ENABLE_STRICT_OBJC_MSGSEND = YES;
				ENABLE_TESTABILITY = YES;
				GCC_C_LANGUAGE_STANDARD = gnu11;
				GCC_DYNAMIC_NO_PIC = NO;
				GCC_NO_COMMON_BLOCKS = YES;
				GCC_OPTIMIZATION_LEVEL = 0;
				GCC_PREPROCESSOR_DEFINITIONS = (
					"DEBUG=1",
					"$(inherited)",
				);
				GCC_WARN_64_TO_32_BIT_CONVERSION = YES;
				GCC_WARN_ABOUT_RETURN_TYPE = YES_ERROR;
				GCC_WARN_UNDECLARED_SELECTOR = YES;
				GCC_WARN_UNINITIALIZED_AUTOS = YES_AGGRESSIVE;
				GCC_WARN_UNUSED_FUNCTION = YES;
				GCC_WARN_UNUSED_VARIABLE = YES;
				IPHONEOS_DEPLOYMENT_TARGET = 13.4;
				MTL_ENABLE_DEBUG_INFO = INCLUDE_SOURCE;
				MTL_FAST_MATH = YES;
				ONLY_ACTIVE_ARCH = YES;
				SDKROOT = iphoneos;
			};
			name = Debug;
		};
		0EC0593C2458206A00152800 /* Release */ = {
			isa = XCBuildConfiguration;
			buildSettings = {
				ALWAYS_SEARCH_USER_PATHS = NO;
				CLANG_ANALYZER_NONNULL = YES;
				CLANG_ANALYZER_NUMBER_OBJECT_CONVERSION = YES_AGGRESSIVE;
				CLANG_CXX_LANGUAGE_STANDARD = "gnu++14";
				CLANG_CXX_LIBRARY = "libc++";
				CLANG_ENABLE_MODULES = YES;
				CLANG_ENABLE_OBJC_ARC = YES;
				CLANG_ENABLE_OBJC_WEAK = YES;
				CLANG_WARN_BLOCK_CAPTURE_AUTORELEASING = YES;
				CLANG_WARN_BOOL_CONVERSION = YES;
				CLANG_WARN_COMMA = YES;
				CLANG_WARN_CONSTANT_CONVERSION = YES;
				CLANG_WARN_DEPRECATED_OBJC_IMPLEMENTATIONS = YES;
				CLANG_WARN_DIRECT_OBJC_ISA_USAGE = YES_ERROR;
				CLANG_WARN_DOCUMENTATION_COMMENTS = YES;
				CLANG_WARN_EMPTY_BODY = YES;
				CLANG_WARN_ENUM_CONVERSION = YES;
				CLANG_WARN_INFINITE_RECURSION = YES;
				CLANG_WARN_INT_CONVERSION = YES;
				CLANG_WARN_NON_LITERAL_NULL_CONVERSION = YES;
				CLANG_WARN_OBJC_IMPLICIT_RETAIN_SELF = YES;
				CLANG_WARN_OBJC_LITERAL_CONVERSION = YES;
				CLANG_WARN_OBJC_ROOT_CLASS = YES_ERROR;
				CLANG_WARN_RANGE_LOOP_ANALYSIS = YES;
				CLANG_WARN_STRICT_PROTOTYPES = YES;
				CLANG_WARN_SUSPICIOUS_MOVE = YES;
				CLANG_WARN_UNGUARDED_AVAILABILITY = YES_AGGRESSIVE;
				CLANG_WARN_UNREACHABLE_CODE = YES;
				CLANG_WARN__DUPLICATE_METHOD_MATCH = YES;
				COPY_PHASE_STRIP = NO;
				DEBUG_INFORMATION_FORMAT = "dwarf-with-dsym";
				ENABLE_NS_ASSERTIONS = NO;
				ENABLE_STRICT_OBJC_MSGSEND = YES;
				GCC_C_LANGUAGE_STANDARD = gnu11;
				GCC_NO_COMMON_BLOCKS = YES;
				GCC_WARN_64_TO_32_BIT_CONVERSION = YES;
				GCC_WARN_ABOUT_RETURN_TYPE = YES_ERROR;
				GCC_WARN_UNDECLARED_SELECTOR = YES;
				GCC_WARN_UNINITIALIZED_AUTOS = YES_AGGRESSIVE;
				GCC_WARN_UNUSED_FUNCTION = YES;
				GCC_WARN_UNUSED_VARIABLE = YES;
				IPHONEOS_DEPLOYMENT_TARGET = 13.4;
				MTL_ENABLE_DEBUG_INFO = NO;
				MTL_FAST_MATH = YES;
				SDKROOT = iphoneos;
				VALIDATE_PRODUCT = YES;
			};
			name = Release;
		};
		0EC0593E2458206A00152800 /* Debug */ = {
			isa = XCBuildConfiguration;
			baseConfigurationReference = C8419B9A263D94911F46A11C /* Pods-test.debug.xcconfig */;
			buildSettings = {
				ASSETCATALOG_COMPILER_APPICON_NAME = AppIcon;
				CODE_SIGN_STYLE = Automatic;
				INFOPLIST_FILE = test/Info.plist;
				LD_RUNPATH_SEARCH_PATHS = (
					"$(inherited)",
					"@executable_path/Frameworks",
				);
				PRODUCT_BUNDLE_IDENTIFIER = "hqx-1992-YLKJ.test";
				PRODUCT_NAME = "$(TARGET_NAME)";
				TARGETED_DEVICE_FAMILY = "1,2";
			};
			name = Debug;
		};
		0EC0593F2458206A00152800 /* Release */ = {
			isa = XCBuildConfiguration;
			baseConfigurationReference = CF24853D700AADE3113B6554 /* Pods-test.release.xcconfig */;
			buildSettings = {
				ASSETCATALOG_COMPILER_APPICON_NAME = AppIcon;
				CODE_SIGN_STYLE = Automatic;
				INFOPLIST_FILE = test/Info.plist;
				LD_RUNPATH_SEARCH_PATHS = (
					"$(inherited)",
					"@executable_path/Frameworks",
				);
				PRODUCT_BUNDLE_IDENTIFIER = "hqx-1992-YLKJ.test";
				PRODUCT_NAME = "$(TARGET_NAME)";
				TARGETED_DEVICE_FAMILY = "1,2";
			};
			name = Release;
		};
		0EC059412458206A00152800 /* Debug */ = {
			isa = XCBuildConfiguration;
			buildSettings = {
				BUNDLE_LOADER = "$(TEST_HOST)";
				CODE_SIGN_STYLE = Automatic;
				INFOPLIST_FILE = testTests/Info.plist;
				IPHONEOS_DEPLOYMENT_TARGET = 13.4;
				LD_RUNPATH_SEARCH_PATHS = (
					"$(inherited)",
					"@executable_path/Frameworks",
					"@loader_path/Frameworks",
				);
				PRODUCT_BUNDLE_IDENTIFIER = "hqx-1992-YLKJ.testTests";
				PRODUCT_NAME = "$(TARGET_NAME)";
				TARGETED_DEVICE_FAMILY = "1,2";
				TEST_HOST = "$(BUILT_PRODUCTS_DIR)/test.app/test";
			};
			name = Debug;
		};
		0EC059422458206A00152800 /* Release */ = {
			isa = XCBuildConfiguration;
			buildSettings = {
				BUNDLE_LOADER = "$(TEST_HOST)";
				CODE_SIGN_STYLE = Automatic;
				INFOPLIST_FILE = testTests/Info.plist;
				IPHONEOS_DEPLOYMENT_TARGET = 13.4;
				LD_RUNPATH_SEARCH_PATHS = (
					"$(inherited)",
					"@executable_path/Frameworks",
					"@loader_path/Frameworks",
				);
				PRODUCT_BUNDLE_IDENTIFIER = "hqx-1992-YLKJ.testTests";
				PRODUCT_NAME = "$(TARGET_NAME)";
				TARGETED_DEVICE_FAMILY = "1,2";
				TEST_HOST = "$(BUILT_PRODUCTS_DIR)/test.app/test";
			};
			name = Release;
		};
		0EC059442458206A00152800 /* Debug */ = {
			isa = XCBuildConfiguration;
			buildSettings = {
				CODE_SIGN_STYLE = Automatic;
				INFOPLIST_FILE = testUITests/Info.plist;
				LD_RUNPATH_SEARCH_PATHS = (
					"$(inherited)",
					"@executable_path/Frameworks",
					"@loader_path/Frameworks",
				);
				PRODUCT_BUNDLE_IDENTIFIER = "hqx-1992-YLKJ.testUITests";
				PRODUCT_NAME = "$(TARGET_NAME)";
				TARGETED_DEVICE_FAMILY = "1,2";
				TEST_TARGET_NAME = test;
			};
			name = Debug;
		};
		0EC059452458206A00152800 /* Release */ = {
			isa = XCBuildConfiguration;
			buildSettings = {
				CODE_SIGN_STYLE = Automatic;
				INFOPLIST_FILE = testUITests/Info.plist;
				LD_RUNPATH_SEARCH_PATHS = (
					"$(inherited)",
					"@executable_path/Frameworks",
					"@loader_path/Frameworks",
				);
				PRODUCT_BUNDLE_IDENTIFIER = "hqx-1992-YLKJ.testUITests";
				PRODUCT_NAME = "$(TARGET_NAME)";
				TARGETED_DEVICE_FAMILY = "1,2";
				TEST_TARGET_NAME = test;
			};
			name = Release;
		};
/* End XCBuildConfiguration section */

/* Begin XCConfigurationList section */
		0EC059092458206700152800 /* Build configuration list for PBXProject "test" */ = {
			isa = XCConfigurationList;
			buildConfigurations = (
				0EC0593B2458206A00152800 /* Debug */,
				0EC0593C2458206A00152800 /* Release */,
			);
			defaultConfigurationIsVisible = 0;
			defaultConfigurationName = Release;
		};
		0EC0593D2458206A00152800 /* Build configuration list for PBXNativeTarget "test" */ = {
			isa = XCConfigurationList;
			buildConfigurations = (
				0EC0593E2458206A00152800 /* Debug */,
				0EC0593F2458206A00152800 /* Release */,
			);
			defaultConfigurationIsVisible = 0;
			defaultConfigurationName = Release;
		};
		0EC059402458206A00152800 /* Build configuration list for PBXNativeTarget "testTests" */ = {
			isa = XCConfigurationList;
			buildConfigurations = (
				0EC059412458206A00152800 /* Debug */,
				0EC059422458206A00152800 /* Release */,
			);
			defaultConfigurationIsVisible = 0;
			defaultConfigurationName = Release;
		};
		0EC059432458206A00152800 /* Build configuration list for PBXNativeTarget "testUITests" */ = {
			isa = XCConfigurationList;
			buildConfigurations = (
				0EC059442458206A00152800 /* Debug */,
				0EC059452458206A00152800 /* Release */,
			);
			defaultConfigurationIsVisible = 0;
			defaultConfigurationName = Release;
		};
/* End XCConfigurationList section */
	};
	rootObject = 0EC059062458206700152800 /* Project object */;
}
